
Microsoft Visual Studio Solution File, Format Version 12.00
# Visual Studio 15
VisualStudioVersion = 15.0.27004.2010
MinimumVisualStudioVersion = 10.0.40219.1
Project("{8BC9CEB8-8B4A-11D0-8D11-00A0C91BC942}") = "Wpierdol Dresom", "Wpierdol Dresom\Wpierdol Dresom.vcxproj", "{DA10BB32-A25B-48E6-9B77-0E498C1BFE15}"
EndProject
Global
	GlobalSection(SolutionConfigurationPlatforms) = preSolution
		Debug|x64 = Debug|x64
		Debug|x86 = Debug|x86
		Release|x64 = Release|x64
		Release|x86 = Release|x86
	EndGlobalSection
	GlobalSection(ProjectConfigurationPlatforms) = postSolution
		{DA10BB32-A25B-48E6-9B77-0E498C1BFE15}.Debug|x64.ActiveCfg = Debug|x64
		{DA10BB32-A25B-48E6-9B77-0E498C1BFE15}.Debug|x64.Build.0 = Debug|x64
		{DA10BB32-A25B-48E6-9B77-0E498C1BFE15}.Debug|x86.ActiveCfg = Debug|Win32
		{DA10BB32-A25B-48E6-9B77-0E498C1BFE15}.Debug|x86.Build.0 = Debug|Win32
		{DA10BB32-A25B-48E6-9B77-0E498C1BFE15}.Release|x64.ActiveCfg = Release|x64
		{DA10BB32-A25B-48E6-9B77-0E498C1BFE15}.Release|x64.Build.0 = Release|x64
		{DA10BB32-A25B-48E6-9B77-0E498C1BFE15}.Release|x86.ActiveCfg = Release|Win32
		{DA10BB32-A25B-48E6-9B77-0E498C1BFE15}.Release|x86.Build.0 = Release|Win32
	EndGlobalSection
	GlobalSection(SolutionProperties) = preSolution
		HideSolutionNode = FALSE
	EndGlobalSection
	GlobalSection(ExtensibilityGlobals) = postSolution
		SolutionGuid = {13F5AB8B-9D04-4549-AB9C-E133CFA6DE9B}
	EndGlobalSection
EndGlobal
